
Microsoft Visual Studio Solution File, Format Version 12.00
# Visual Studio Version 16
VisualStudioVersion = 16.0.29306.81
MinimumVisualStudioVersion = 10.0.40219.1
Project("{FAE04EC0-301F-11D3-BF4B-00C04F79EFBC}") = "01_Challenge_Console", "01_Challenge_Console\01_Challenge_Console.csproj", "{8B446359-B202-48F1-B0D8-8DF8C7372C8E}"
EndProject
Project("{FAE04EC0-301F-11D3-BF4B-00C04F79EFBC}") = "01_Challenge_Repository", "01_Challenge_Repository\01_Challenge_Repository.csproj", "{F73D2566-84EF-4BFE-B7A2-42F553E6D205}"
EndProject
Project("{FAE04EC0-301F-11D3-BF4B-00C04F79EFBC}") = "01_Challenge_Tests", "01_Challenge_Tests\01_Challenge_Tests.csproj", "{E1E5D636-434C-45CF-9359-FFB4C6B53365}"
EndProject
Project("{FAE04EC0-301F-11D3-BF4B-00C04F79EFBC}") = "02_Challenge_Console", "02_Challenge_Console\02_Challenge_Console.csproj", "{855B40F9-9484-4CFD-8DCC-980158D00775}"
EndProject
Project("{FAE04EC0-301F-11D3-BF4B-00C04F79EFBC}") = "02_Challenge_Repository", "02_Challenge_Repository\02_Challenge_Repository.csproj", "{01975AF3-83DA-4D4F-AD51-6DA1D5B7493D}"
EndProject
Project("{FAE04EC0-301F-11D3-BF4B-00C04F79EFBC}") = "02_ChallengeTests", "02_ChallengeTests\02_ChallengeTests.csproj", "{75474FA6-165C-4B91-889A-DB27F79B6794}"
EndProject
Project("{FAE04EC0-301F-11D3-BF4B-00C04F79EFBC}") = "04_Challenge_Console", "04_Challenge_Console\04_Challenge_Console.csproj", "{C77B86CE-2F22-4179-88EF-983A06F90714}"
EndProject
Project("{FAE04EC0-301F-11D3-BF4B-00C04F79EFBC}") = "04_Challenge_Repository", "04_Challenge_Repository\04_Challenge_Repository.csproj", "{C7B54B79-B726-48FB-A416-D57E149F3BF1}"
EndProject
Project("{FAE04EC0-301F-11D3-BF4B-00C04F79EFBC}") = "04_ChallengeTests", "04_ChallengeTests\04_ChallengeTests.csproj", "{E22D9AC0-3945-4BC7-8757-8CFBECCE8340}"
EndProject
Global
	GlobalSection(SolutionConfigurationPlatforms) = preSolution
		Debug|Any CPU = Debug|Any CPU
		Release|Any CPU = Release|Any CPU
	EndGlobalSection
	GlobalSection(ProjectConfigurationPlatforms) = postSolution
		{8B446359-B202-48F1-B0D8-8DF8C7372C8E}.Debug|Any CPU.ActiveCfg = Debug|Any CPU
		{8B446359-B202-48F1-B0D8-8DF8C7372C8E}.Debug|Any CPU.Build.0 = Debug|Any CPU
		{8B446359-B202-48F1-B0D8-8DF8C7372C8E}.Release|Any CPU.ActiveCfg = Release|Any CPU
		{8B446359-B202-48F1-B0D8-8DF8C7372C8E}.Release|Any CPU.Build.0 = Release|Any CPU
		{F73D2566-84EF-4BFE-B7A2-42F553E6D205}.Debug|Any CPU.ActiveCfg = Debug|Any CPU
		{F73D2566-84EF-4BFE-B7A2-42F553E6D205}.Debug|Any CPU.Build.0 = Debug|Any CPU
		{F73D2566-84EF-4BFE-B7A2-42F553E6D205}.Release|Any CPU.ActiveCfg = Release|Any CPU
		{F73D2566-84EF-4BFE-B7A2-42F553E6D205}.Release|Any CPU.Build.0 = Release|Any CPU
		{E1E5D636-434C-45CF-9359-FFB4C6B53365}.Debug|Any CPU.ActiveCfg = Debug|Any CPU
		{E1E5D636-434C-45CF-9359-FFB4C6B53365}.Debug|Any CPU.Build.0 = Debug|Any CPU
		{E1E5D636-434C-45CF-9359-FFB4C6B53365}.Release|Any CPU.ActiveCfg = Release|Any CPU
		{E1E5D636-434C-45CF-9359-FFB4C6B53365}.Release|Any CPU.Build.0 = Release|Any CPU
		{855B40F9-9484-4CFD-8DCC-980158D00775}.Debug|Any CPU.ActiveCfg = Debug|Any CPU
		{855B40F9-9484-4CFD-8DCC-980158D00775}.Debug|Any CPU.Build.0 = Debug|Any CPU
		{855B40F9-9484-4CFD-8DCC-980158D00775}.Release|Any CPU.ActiveCfg = Release|Any CPU
		{855B40F9-9484-4CFD-8DCC-980158D00775}.Release|Any CPU.Build.0 = Release|Any CPU
		{01975AF3-83DA-4D4F-AD51-6DA1D5B7493D}.Debug|Any CPU.ActiveCfg = Debug|Any CPU
		{01975AF3-83DA-4D4F-AD51-6DA1D5B7493D}.Debug|Any CPU.Build.0 = Debug|Any CPU
		{01975AF3-83DA-4D4F-AD51-6DA1D5B7493D}.Release|Any CPU.ActiveCfg = Release|Any CPU
		{01975AF3-83DA-4D4F-AD51-6DA1D5B7493D}.Release|Any CPU.Build.0 = Release|Any CPU
		{75474FA6-165C-4B91-889A-DB27F79B6794}.Debug|Any CPU.ActiveCfg = Debug|Any CPU
		{75474FA6-165C-4B91-889A-DB27F79B6794}.Debug|Any CPU.Build.0 = Debug|Any CPU
		{75474FA6-165C-4B91-889A-DB27F79B6794}.Release|Any CPU.ActiveCfg = Release|Any CPU
		{75474FA6-165C-4B91-889A-DB27F79B6794}.Release|Any CPU.Build.0 = Release|Any CPU
		{C77B86CE-2F22-4179-88EF-983A06F90714}.Debug|Any CPU.ActiveCfg = Debug|Any CPU
		{C77B86CE-2F22-4179-88EF-983A06F90714}.Debug|Any CPU.Build.0 = Debug|Any CPU
		{C77B86CE-2F22-4179-88EF-983A06F90714}.Release|Any CPU.ActiveCfg = Release|Any CPU
		{C77B86CE-2F22-4179-88EF-983A06F90714}.Release|Any CPU.Build.0 = Release|Any CPU
		{C7B54B79-B726-48FB-A416-D57E149F3BF1}.Debug|Any CPU.ActiveCfg = Debug|Any CPU
		{C7B54B79-B726-48FB-A416-D57E149F3BF1}.Debug|Any CPU.Build.0 = Debug|Any CPU
		{C7B54B79-B726-48FB-A416-D57E149F3BF1}.Release|Any CPU.ActiveCfg = Release|Any CPU
		{C7B54B79-B726-48FB-A416-D57E149F3BF1}.Release|Any CPU.Build.0 = Release|Any CPU
		{E22D9AC0-3945-4BC7-8757-8CFBECCE8340}.Debug|Any CPU.ActiveCfg = Debug|Any CPU
		{E22D9AC0-3945-4BC7-8757-8CFBECCE8340}.Debug|Any CPU.Build.0 = Debug|Any CPU
		{E22D9AC0-3945-4BC7-8757-8CFBECCE8340}.Release|Any CPU.ActiveCfg = Release|Any CPU
		{E22D9AC0-3945-4BC7-8757-8CFBECCE8340}.Release|Any CPU.Build.0 = Release|Any CPU
	EndGlobalSection
	GlobalSection(SolutionProperties) = preSolution
		HideSolutionNode = FALSE
	EndGlobalSection
	GlobalSection(ExtensibilityGlobals) = postSolution
		SolutionGuid = {4866BFB1-9003-4329-9C67-D617A2F1DEEF}
	EndGlobalSection
EndGlobal
